
Microsoft Visual Studio Solution File, Format Version 12.00
# Visual Studio Version 17
VisualStudioVersion = 17.10.35013.160
MinimumVisualStudioVersion = 10.0.40219.1
Project("{9A19103F-16F7-4668-BE54-9A1E7A4F7556}") = "OncologyCore.Model", "OncologyCore.Model\OncologyCore.Model.csproj", "{2B7C696C-8608-46F5-B2E7-CD59B09EF722}"
EndProject
Project("{9A19103F-16F7-4668-BE54-9A1E7A4F7556}") = "OncologyReceiptsCore", "OncologyReceiptsCore\OncologyReceiptsCore.csproj", "{56855D9B-2C0F-42A5-B6C9-346BC86EC458}"
EndProject
Global
	GlobalSection(SolutionConfigurationPlatforms) = preSolution
		Debug|Any CPU = Debug|Any CPU
		Release|Any CPU = Release|Any CPU
	EndGlobalSection
	GlobalSection(ProjectConfigurationPlatforms) = postSolution
		{2B7C696C-8608-46F5-B2E7-CD59B09EF722}.Debug|Any CPU.ActiveCfg = Debug|Any CPU
		{2B7C696C-8608-46F5-B2E7-CD59B09EF722}.Debug|Any CPU.Build.0 = Debug|Any CPU
		{2B7C696C-8608-46F5-B2E7-CD59B09EF722}.Release|Any CPU.ActiveCfg = Release|Any CPU
		{2B7C696C-8608-46F5-B2E7-CD59B09EF722}.Release|Any CPU.Build.0 = Release|Any CPU
		{56855D9B-2C0F-42A5-B6C9-346BC86EC458}.Debug|Any CPU.ActiveCfg = Debug|Any CPU
		{56855D9B-2C0F-42A5-B6C9-346BC86EC458}.Debug|Any CPU.Build.0 = Debug|Any CPU
		{56855D9B-2C0F-42A5-B6C9-346BC86EC458}.Release|Any CPU.ActiveCfg = Release|Any CPU
		{56855D9B-2C0F-42A5-B6C9-346BC86EC458}.Release|Any CPU.Build.0 = Release|Any CPU
	EndGlobalSection
	GlobalSection(SolutionProperties) = preSolution
		HideSolutionNode = FALSE
	EndGlobalSection
	GlobalSection(ExtensibilityGlobals) = postSolution
		SolutionGuid = {C4E07506-8323-422B-A362-5B02C6448D48}
	EndGlobalSection
EndGlobal
